// !$*UTF8*$!
{
	archiveVersion = 1;
	classes = {
	};
	objectVersion = 50;
	objects = {

/* Begin PBXBuildFile section */
		748859D12253E2F5002015EF /* AppDelegate.swift in Sources */ = {isa = PBXBuildFile; fileRef = 748859D02253E2F5002015EF /* AppDelegate.swift */; };
		748859D62253E2F5002015EF /* Main.storyboard in Resources */ = {isa = PBXBuildFile; fileRef = 748859D42253E2F5002015EF /* Main.storyboard */; };
		748859D82253E2F6002015EF /* Assets.xcassets in Resources */ = {isa = PBXBuildFile; fileRef = 748859D72253E2F6002015EF /* Assets.xcassets */; };
		748859DB2253E2F6002015EF /* LaunchScreen.storyboard in Resources */ = {isa = PBXBuildFile; fileRef = 748859D92253E2F6002015EF /* LaunchScreen.storyboard */; };
		748859E32253E3FA002015EF /* TableViewController.swift in Sources */ = {isa = PBXBuildFile; fileRef = 748859E22253E3FA002015EF /* TableViewController.swift */; };
		748859E52254CF1D002015EF /* MPCHandler.swift in Sources */ = {isa = PBXBuildFile; fileRef = 748859E42254CF1D002015EF /* MPCHandler.swift */; };
		748859E72254DD35002015EF /* TableViewCell.swift in Sources */ = {isa = PBXBuildFile; fileRef = 748859E62254DD35002015EF /* TableViewCell.swift */; };
		748859E9225518B1002015EF /* GraphViewController.swift in Sources */ = {isa = PBXBuildFile; fileRef = 748859E8225518B1002015EF /* GraphViewController.swift */; };
		748859EB225518E3002015EF /* GraphView.swift in Sources */ = {isa = PBXBuildFile; fileRef = 748859EA225518E3002015EF /* GraphView.swift */; };
/* End PBXBuildFile section */

/* Begin PBXFileReference section */
		748859CD2253E2F5002015EF /* McRTT.app */ = {isa = PBXFileReference; explicitFileType = wrapper.application; includeInIndex = 0; path = McRTT.app; sourceTree = BUILT_PRODUCTS_DIR; };
		748859D02253E2F5002015EF /* AppDelegate.swift */ = {isa = PBXFileReference; lastKnownFileType = sourcecode.swift; path = AppDelegate.swift; sourceTree = "<group>"; };
		748859D52253E2F5002015EF /* Base */ = {isa = PBXFileReference; lastKnownFileType = file.storyboard; name = Base; path = Base.lproj/Main.storyboard; sourceTree = "<group>"; };
		748859D72253E2F6002015EF /* Assets.xcassets */ = {isa = PBXFileReference; lastKnownFileType = folder.assetcatalog; path = Assets.xcassets; sourceTree = "<group>"; };
		748859DA2253E2F6002015EF /* Base */ = {isa = PBXFileReference; lastKnownFileType = file.storyboard; name = Base; path = Base.lproj/LaunchScreen.storyboard; sourceTree = "<group>"; };
		748859DC2253E2F6002015EF /* Info.plist */ = {isa = PBXFileReference; lastKnownFileType = text.plist.xml; path = Info.plist; sourceTree = "<group>"; };
		748859E22253E3FA002015EF /* TableViewController.swift */ = {isa = PBXFileReference; lastKnownFileType = sourcecode.swift; path = TableViewController.swift; sourceTree = "<group>"; };
		748859E42254CF1D002015EF /* MPCHandler.swift */ = {isa = PBXFileReference; lastKnownFileType = sourcecode.swift; path = MPCHandler.swift; sourceTree = "<group>"; };
		748859E62254DD35002015EF /* TableViewCell.swift */ = {isa = PBXFileReference; lastKnownFileType = sourcecode.swift; path = TableViewCell.swift; sourceTree = "<group>"; };
		748859E8225518B1002015EF /* GraphViewController.swift */ = {isa = PBXFileReference; lastKnownFileType = sourcecode.swift; path = GraphViewController.swift; sourceTree = "<group>"; };
		748859EA225518E3002015EF /* GraphView.swift */ = {isa = PBXFileReference; lastKnownFileType = sourcecode.swift; path = GraphView.swift; sourceTree = "<group>"; };
/* End PBXFileReference section */

/* Begin PBXFrameworksBuildPhase section */
		748859CA2253E2F5002015EF /* Frameworks */ = {
			isa = PBXFrameworksBuildPhase;
			buildActionMask = 2147483647;
			files = (
			);
			runOnlyForDeploymentPostprocessing = 0;
		};
/* End PBXFrameworksBuildPhase section */

/* Begin PBXGroup section */
		748859C42253E2F5002015EF = {
			isa = PBXGroup;
			children = (
				748859CF2253E2F5002015EF /* McRTT */,
				748859CE2253E2F5002015EF /* Products */,
			);
			sourceTree = "<group>";
		};
		748859CE2253E2F5002015EF /* Products */ = {
			isa = PBXGroup;
			children = (
				748859CD2253E2F5002015EF /* McRTT.app */,
			);
			name = Products;
			sourceTree = "<group>";
		};
		748859CF2253E2F5002015EF /* McRTT */ = {
			isa = PBXGroup;
			children = (
				748859D02253E2F5002015EF /* AppDelegate.swift */,
				748859D42253E2F5002015EF /* Main.storyboard */,
				748859EA225518E3002015EF /* GraphView.swift */,
				748859E8225518B1002015EF /* GraphViewController.swift */,
				748859E62254DD35002015EF /* TableViewCell.swift */,
				748859E42254CF1D002015EF /* MPCHandler.swift */,
				748859E22253E3FA002015EF /* TableViewController.swift */,
				748859D72253E2F6002015EF /* Assets.xcassets */,
				748859D92253E2F6002015EF /* LaunchScreen.storyboard */,
				748859DC2253E2F6002015EF /* Info.plist */,
			);
			path = McRTT;
			sourceTree = "<group>";
		};
/* End PBXGroup section */

/* Begin PBXNativeTarget section */
		748859CC2253E2F5002015EF /* McRTT */ = {
			isa = PBXNativeTarget;
			buildConfigurationList = 748859DF2253E2F6002015EF /* Build configuration list for PBXNativeTarget "McRTT" */;
			buildPhases = (
				748859C92253E2F5002015EF /* Sources */,
				748859CA2253E2F5002015EF /* Frameworks */,
				748859CB2253E2F5002015EF /* Resources */,
			);
			buildRules = (
			);
			dependencies = (
			);
			name = McRTT;
			productName = McRTT;
			productReference = 748859CD2253E2F5002015EF /* McRTT.app */;
			productType = "com.apple.product-type.application";
		};
/* End PBXNativeTarget section */

/* Begin PBXProject section */
		748859C52253E2F5002015EF /* Project object */ = {
			isa = PBXProject;
			attributes = {
				LastSwiftUpdateCheck = 1010;
				LastUpgradeCheck = 1010;
				ORGANIZATIONNAME = XorMagic;
				TargetAttributes = {
					748859CC2253E2F5002015EF = {
						CreatedOnToolsVersion = 10.1;
					};
				};
			};
			buildConfigurationList = 748859C82253E2F5002015EF /* Build configuration list for PBXProject "McRTT" */;
			compatibilityVersion = "Xcode 9.3";
			developmentRegion = en;
			hasScannedForEncodings = 0;
			knownRegions = (
				en,
				Base,
			);
			mainGroup = 748859C42253E2F5002015EF;
			productRefGroup = 748859CE2253E2F5002015EF /* Products */;
			projectDirPath = "";
			projectRoot = "";
			targets = (
				748859CC2253E2F5002015EF /* McRTT */,
			);
		};
/* End PBXProject section */

/* Begin PBXResourcesBuildPhase section */
		748859CB2253E2F5002015EF /* Resources */ = {
			isa = PBXResourcesBuildPhase;
			buildActionMask = 2147483647;
			files = (
				748859DB2253E2F6002015EF /* LaunchScreen.storyboard in Resources */,
				748859D82253E2F6002015EF /* Assets.xcassets in Resources */,
				748859D62253E2F5002015EF /* Main.storyboard in Resources */,
			);
			runOnlyForDeploymentPostprocessing = 0;
		};
/* End PBXResourcesBuildPhase section */

/* Begin PBXSourcesBuildPhase section */
		748859C92253E2F5002015EF /* Sources */ = {
			isa = PBXSourcesBuildPhase;
			buildActionMask = 2147483647;
			files = (
				748859D12253E2F5002015EF /* AppDelegate.swift in Sources */,
				748859E9225518B1002015EF /* GraphViewController.swift in Sources */,
				748859E72254DD35002015EF /* TableViewCell.swift in Sources */,
				748859E32253E3FA002015EF /* TableViewController.swift in Sources */,
				748859E52254CF1D002015EF /* MPCHandler.swift in Sources */,
				748859EB225518E3002015EF /* GraphView.swift in Sources */,
			);
			runOnlyForDeploymentPostprocessing = 0;
		};
/* End PBXSourcesBuildPhase section */

/* Begin PBXVariantGroup section */
		748859D42253E2F5002015EF /* Main.storyboard */ = {
			isa = PBXVariantGroup;
			children = (
				748859D52253E2F5002015EF /* Base */,
			);
			name = Main.storyboard;
			sourceTree = "<group>";
		};
		748859D92253E2F6002015EF /* LaunchScreen.storyboard */ = {
			isa = PBXVariantGroup;
			children = (
				748859DA2253E2F6002015EF /* Base */,
			);
			name = LaunchScreen.storyboard;
			sourceTree = "<group>";
		};
/* End PBXVariantGroup section */

/* Begin XCBuildConfiguration section */
		748859DD2253E2F6002015EF /* Debug */ = {
			isa = XCBuildConfiguration;
			buildSettings = {
				ALWAYS_SEARCH_USER_PATHS = NO;
				CLANG_ANALYZER_NONNULL = YES;
				CLANG_ANALYZER_NUMBER_OBJECT_CONVERSION = YES_AGGRESSIVE;
				CLANG_CXX_LANGUAGE_STANDARD = "gnu++14";
				CLANG_CXX_LIBRARY = "libc++";
				CLANG_ENABLE_MODULES = YES;
				CLANG_ENABLE_OBJC_ARC = YES;
				CLANG_ENABLE_OBJC_WEAK = YES;
				CLANG_WARN_BLOCK_CAPTURE_AUTORELEASING = YES;
				CLANG_WARN_BOOL_CONVERSION = YES;
				CLANG_WARN_COMMA = YES;
				CLANG_WARN_CONSTANT_CONVERSION = YES;
				CLANG_WARN_DEPRECATED_OBJC_IMPLEMENTATIONS = YES;
				CLANG_WARN_DIRECT_OBJC_ISA_USAGE = YES_ERROR;
				CLANG_WARN_DOCUMENTATION_COMMENTS = YES;
				CLANG_WARN_EMPTY_BODY = YES;
				CLANG_WARN_ENUM_CONVERSION = YES;
				CLANG_WARN_INFINITE_RECURSION = YES;
				CLANG_WARN_INT_CONVERSION = YES;
				CLANG_WARN_NON_LITERAL_NULL_CONVERSION = YES;
				CLANG_WARN_OBJC_IMPLICIT_RETAIN_SELF = YES;
				CLANG_WARN_OBJC_LITERAL_CONVERSION = YES;
				CLANG_WARN_OBJC_ROOT_CLASS = YES_ERROR;
				CLANG_WARN_RANGE_LOOP_ANALYSIS = YES;
				CLANG_WARN_STRICT_PROTOTYPES = YES;
				CLANG_WARN_SUSPICIOUS_MOVE = YES;
				CLANG_WARN_UNGUARDED_AVAILABILITY = YES_AGGRESSIVE;
				CLANG_WARN_UNREACHABLE_CODE = YES;
				CLANG_WARN__DUPLICATE_METHOD_MATCH = YES;
				CODE_SIGN_IDENTITY = "iPhone Developer";
				COPY_PHASE_STRIP = NO;
				DEBUG_INFORMATION_FORMAT = dwarf;
				ENABLE_STRICT_OBJC_MSGSEND = YES;
				ENABLE_TESTABILITY = YES;
				GCC_C_LANGUAGE_STANDARD = gnu11;
				GCC_DYNAMIC_NO_PIC = NO;
				GCC_NO_COMMON_BLOCKS = YES;
				GCC_OPTIMIZATION_LEVEL = 0;
				GCC_PREPROCESSOR_DEFINITIONS = (
					"DEBUG=1",
					"$(inherited)",
				);
				GCC_WARN_64_TO_32_BIT_CONVERSION = YES;
				GCC_WARN_ABOUT_RETURN_TYPE = YES_ERROR;
				GCC_WARN_UNDECLARED_SELECTOR = YES;
				GCC_WARN_UNINITIALIZED_AUTOS = YES_AGGRESSIVE;
				GCC_WARN_UNUSED_FUNCTION = YES;
				GCC_WARN_UNUSED_VARIABLE = YES;
				IPHONEOS_DEPLOYMENT_TARGET = 12.1;
				MTL_ENABLE_DEBUG_INFO = INCLUDE_SOURCE;
				MTL_FAST_MATH = YES;
				ONLY_ACTIVE_ARCH = YES;
				SDKROOT = iphoneos;
				SWIFT_ACTIVE_COMPILATION_CONDITIONS = DEBUG;
				SWIFT_OPTIMIZATION_LEVEL = "-Onone";
			};
			name = Debug;
		};
		748859DE2253E2F6002015EF /* Release */ = {
			isa = XCBuildConfiguration;
			buildSettings = {
				ALWAYS_SEARCH_USER_PATHS = NO;
				CLANG_ANALYZER_NONNULL = YES;
				CLANG_ANALYZER_NUMBER_OBJECT_CONVERSION = YES_AGGRESSIVE;
				CLANG_CXX_LANGUAGE_STANDARD = "gnu++14";
				CLANG_CXX_LIBRARY = "libc++";
				CLANG_ENABLE_MODULES = YES;
				CLANG_ENABLE_OBJC_ARC = YES;
				CLANG_ENABLE_OBJC_WEAK = YES;
				CLANG_WARN_BLOCK_CAPTURE_AUTORELEASING = YES;
				CLANG_WARN_BOOL_CONVERSION = YES;
				CLANG_WARN_COMMA = YES;
				CLANG_WARN_CONSTANT_CONVERSION = YES;
				CLANG_WARN_DEPRECATED_OBJC_IMPLEMENTATIONS = YES;
				CLANG_WARN_DIRECT_OBJC_ISA_USAGE = YES_ERROR;
				CLANG_WARN_DOCUMENTATION_COMMENTS = YES;
				CLANG_WARN_EMPTY_BODY = YES;
				CLANG_WARN_ENUM_CONVERSION = YES;
				CLANG_WARN_INFINITE_RECURSION = YES;
				CLANG_WARN_INT_CONVERSION = YES;
				CLANG_WARN_NON_LITERAL_NULL_CONVERSION = YES;
				CLANG_WARN_OBJC_IMPLICIT_RETAIN_SELF = YES;
				CLANG_WARN_OBJC_LITERAL_CONVERSION = YES;
				CLANG_WARN_OBJC_ROOT_CLASS = YES_ERROR;
				CLANG_WARN_RANGE_LOOP_ANALYSIS = YES;
				CLANG_WARN_STRICT_PROTOTYPES = YES;
				CLANG_WARN_SUSPICIOUS_MOVE = YES;
				CLANG_WARN_UNGUARDED_AVAILABILITY = YES_AGGRESSIVE;
				CLANG_WARN_UNREACHABLE_CODE = YES;
				CLANG_WARN__DUPLICATE_METHOD_MATCH = YES;
				CODE_SIGN_IDENTITY = "iPhone Developer";
				COPY_PHASE_STRIP = NO;
				DEBUG_INFORMATION_FORMAT = "dwarf-with-dsym";
				ENABLE_NS_ASSERTIONS = NO;
				ENABLE_STRICT_OBJC_MSGSEND = YES;
				GCC_C_LANGUAGE_STANDARD = gnu11;
				GCC_NO_COMMON_BLOCKS = YES;
				GCC_WARN_64_TO_32_BIT_CONVERSION = YES;
				GCC_WARN_ABOUT_RETURN_TYPE = YES_ERROR;
				GCC_WARN_UNDECLARED_SELECTOR = YES;
				GCC_WARN_UNINITIALIZED_AUTOS = YES_AGGRESSIVE;
				GCC_WARN_UNUSED_FUNCTION = YES;
				GCC_WARN_UNUSED_VARIABLE = YES;
				IPHONEOS_DEPLOYMENT_TARGET = 12.1;
				MTL_ENABLE_DEBUG_INFO = NO;
				MTL_FAST_MATH = YES;
				SDKROOT = iphoneos;
				SWIFT_COMPILATION_MODE = wholemodule;
				SWIFT_OPTIMIZATION_LEVEL = "-O";
				VALIDATE_PRODUCT = YES;
			};
			name = Release;
		};
		748859E02253E2F6002015EF /* Debug */ = {
			isa = XCBuildConfiguration;
			buildSettings = {
				ASSETCATALOG_COMPILER_APPICON_NAME = AppIcon;
				CODE_SIGN_STYLE = Automatic;
				DEVELOPMENT_TEAM = C56UAUFVDJ;
				INFOPLIST_FILE = McRTT/Info.plist;
				LD_RUNPATH_SEARCH_PATHS = (
					"$(inherited)",
					"@executable_path/Frameworks",
				);
				PRODUCT_BUNDLE_IDENTIFIER = xormagic.McRTT;
				PRODUCT_NAME = "$(TARGET_NAME)";
				SWIFT_VERSION = 4.2;
				TARGETED_DEVICE_FAMILY = "1,2";
			};
			name = Debug;
		};
		748859E12253E2F6002015EF /* Release */ = {
			isa = XCBuildConfiguration;
			buildSettings = {
				ASSETCATALOG_COMPILER_APPICON_NAME = AppIcon;
				CODE_SIGN_STYLE = Automatic;
				DEVELOPMENT_TEAM = C56UAUFVDJ;
				INFOPLIST_FILE = McRTT/Info.plist;
				LD_RUNPATH_SEARCH_PATHS = (
					"$(inherited)",
					"@executable_path/Frameworks",
				);
				PRODUCT_BUNDLE_IDENTIFIER = xormagic.McRTT;
				PRODUCT_NAME = "$(TARGET_NAME)";
				SWIFT_VERSION = 4.2;
				TARGETED_DEVICE_FAMILY = "1,2";
			};
			name = Release;
		};
/* End XCBuildConfiguration section */

/* Begin XCConfigurationList section */
		748859C82253E2F5002015EF /* Build configuration list for PBXProject "McRTT" */ = {
			isa = XCConfigurationList;
			buildConfigurations = (
				748859DD2253E2F6002015EF /* Debug */,
				748859DE2253E2F6002015EF /* Release */,
			);
			defaultConfigurationIsVisible = 0;
			defaultConfigurationName = Release;
		};
		748859DF2253E2F6002015EF /* Build configuration list for PBXNativeTarget "McRTT" */ = {
			isa = XCConfigurationList;
			buildConfigurations = (
				748859E02253E2F6002015EF /* Debug */,
				748859E12253E2F6002015EF /* Release */,
			);
			defaultConfigurationIsVisible = 0;
			defaultConfigurationName = Release;
		};
/* End XCConfigurationList section */
	};
	rootObject = 748859C52253E2F5002015EF /* Project object */;
}
